
Microsoft Visual Studio Solution File, Format Version 12.00
# Visual Studio Version 17
VisualStudioVersion = 17.7.34202.233
MinimumVisualStudioVersion = 10.0.40219.1
Project("{FAE04EC0-301F-11D3-BF4B-00C04F79EFBC}") = "ShoppingApp", "ShoppingApp\ShoppingApp.csproj", "{C805B8D9-AF0F-4504-9463-930231B1C88F}"
EndProject
Global
	GlobalSection(SolutionConfigurationPlatforms) = preSolution
		Debug|Any CPU = Debug|Any CPU
		Release|Any CPU = Release|Any CPU
	EndGlobalSection
	GlobalSection(ProjectConfigurationPlatforms) = postSolution
		{C805B8D9-AF0F-4504-9463-930231B1C88F}.Debug|Any CPU.ActiveCfg = Debug|Any CPU
		{C805B8D9-AF0F-4504-9463-930231B1C88F}.Debug|Any CPU.Build.0 = Debug|Any CPU
		{C805B8D9-AF0F-4504-9463-930231B1C88F}.Release|Any CPU.ActiveCfg = Release|Any CPU
		{C805B8D9-AF0F-4504-9463-930231B1C88F}.Release|Any CPU.Build.0 = Release|Any CPU
	EndGlobalSection
	GlobalSection(SolutionProperties) = preSolution
		HideSolutionNode = FALSE
	EndGlobalSection
	GlobalSection(ExtensibilityGlobals) = postSolution
		SolutionGuid = {AEF32EB4-7A1D-471C-807C-62AC39A6CBB9}
	EndGlobalSection
EndGlobal
